
Microsoft Visual Studio Solution File, Format Version 12.00
# Visual Studio 15
Project("{FAE04EC0-301F-11D3-BF4B-00C04F79EFBC}") = "jQueryTableAmCharts", "jQueryTableAmCharts\jQueryTableAmCharts.csproj", "{E25E6280-0767-418B-B675-65518F485229}"
EndProject
Global
	GlobalSection(SolutionConfigurationPlatforms) = preSolution
		Debug|Any CPU = Debug|Any CPU
		Release|Any CPU = Release|Any CPU
	EndGlobalSection
	GlobalSection(ProjectConfigurationPlatforms) = postSolution
		{E25E6280-0767-418B-B675-65518F485229}.Debug|Any CPU.ActiveCfg = Debug|Any CPU
		{E25E6280-0767-418B-B675-65518F485229}.Debug|Any CPU.Build.0 = Debug|Any CPU
		{E25E6280-0767-418B-B675-65518F485229}.Release|Any CPU.ActiveCfg = Release|Any CPU
		{E25E6280-0767-418B-B675-65518F485229}.Release|Any CPU.Build.0 = Release|Any CPU
	EndGlobalSection
EndGlobal
